// !$*UTF8*$!
{
	archiveVersion = 1;
	classes = {
	};
	objectVersion = 48;
	objects = {

/* Begin PBXBuildFile section */
		38915DBE89682A15EB5FA184 /* Pods_SCM_System.framework in Frameworks */ = {isa = PBXBuildFile; fileRef = 51948A35ECF1237D83E809AC /* Pods_SCM_System.framework */; };
		773BDF231F9DEC2700E0F027 /* background.gif in Resources */ = {isa = PBXBuildFile; fileRef = 773BDF221F9DEC2700E0F027 /* background.gif */; };
		773BDF251F9DECB200E0F027 /* MainScreen.storyboard in Resources */ = {isa = PBXBuildFile; fileRef = 773BDF241F9DECB200E0F027 /* MainScreen.storyboard */; };
		773BDF271F9DECC200E0F027 /* MainScreenViewController.swift in Sources */ = {isa = PBXBuildFile; fileRef = 773BDF261F9DECC200E0F027 /* MainScreenViewController.swift */; };
		773BDF2A1F9DEDCF00E0F027 /* ManagerMain.storyboard in Resources */ = {isa = PBXBuildFile; fileRef = 773BDF291F9DEDCF00E0F027 /* ManagerMain.storyboard */; };
		773BDF2C1F9DEDDA00E0F027 /* ManagerMainViewController.swift in Sources */ = {isa = PBXBuildFile; fileRef = 773BDF2B1F9DEDDA00E0F027 /* ManagerMainViewController.swift */; };
		774062651F863D9400EAD3E2 /* AppDelegate.swift in Sources */ = {isa = PBXBuildFile; fileRef = 774062641F863D9400EAD3E2 /* AppDelegate.swift */; };
		7740626C1F863D9400EAD3E2 /* Assets.xcassets in Resources */ = {isa = PBXBuildFile; fileRef = 7740626B1F863D9400EAD3E2 /* Assets.xcassets */; };
		7740626F1F863D9400EAD3E2 /* LaunchScreen.storyboard in Resources */ = {isa = PBXBuildFile; fileRef = 7740626D1F863D9400EAD3E2 /* LaunchScreen.storyboard */; };
		77721C691F9DE94600B1B38D /* GoogleService-Info.plist in Resources */ = {isa = PBXBuildFile; fileRef = 77721C681F9DE94600B1B38D /* GoogleService-Info.plist */; };
		77BEF6DB1F8A43DE00F6DC4E /* LoginViewController.swift in Sources */ = {isa = PBXBuildFile; fileRef = 77DF6CED1F8A410900832E38 /* LoginViewController.swift */; };
		77BEF6DD1F8A43DE00F6DC4E /* RecoveryViewController.swift in Sources */ = {isa = PBXBuildFile; fileRef = 77DF6CEE1F8A410A00832E38 /* RecoveryViewController.swift */; };
		77BEF6E11F8A466F00F6DC4E /* InitialViewController.swift in Sources */ = {isa = PBXBuildFile; fileRef = 77BEF6E01F8A466F00F6DC4E /* InitialViewController.swift */; };
		77DF6CF41F8A418600832E38 /* WebViewContent.html in Resources */ = {isa = PBXBuildFile; fileRef = 77DF6CEF1F8A410A00832E38 /* WebViewContent.html */; };
		77DF6CF51F8A41A000832E38 /* Login.storyboard in Resources */ = {isa = PBXBuildFile; fileRef = 77DF6CF01F8A410A00832E38 /* Login.storyboard */; };
/* End PBXBuildFile section */

/* Begin PBXFileReference section */
		1E3484ABED8011DC6584F891 /* Pods-SCM System.release.xcconfig */ = {isa = PBXFileReference; includeInIndex = 1; lastKnownFileType = text.xcconfig; name = "Pods-SCM System.release.xcconfig"; path = "Pods/Target Support Files/Pods-SCM System/Pods-SCM System.release.xcconfig"; sourceTree = "<group>"; };
		51948A35ECF1237D83E809AC /* Pods_SCM_System.framework */ = {isa = PBXFileReference; explicitFileType = wrapper.framework; includeInIndex = 0; path = Pods_SCM_System.framework; sourceTree = BUILT_PRODUCTS_DIR; };
		773BDF221F9DEC2700E0F027 /* background.gif */ = {isa = PBXFileReference; lastKnownFileType = image.gif; path = background.gif; sourceTree = "<group>"; };
		773BDF241F9DECB200E0F027 /* MainScreen.storyboard */ = {isa = PBXFileReference; lastKnownFileType = file.storyboard; path = MainScreen.storyboard; sourceTree = "<group>"; };
		773BDF261F9DECC200E0F027 /* MainScreenViewController.swift */ = {isa = PBXFileReference; lastKnownFileType = sourcecode.swift; path = MainScreenViewController.swift; sourceTree = "<group>"; };
		773BDF291F9DEDCF00E0F027 /* ManagerMain.storyboard */ = {isa = PBXFileReference; lastKnownFileType = file.storyboard; path = ManagerMain.storyboard; sourceTree = "<group>"; };
		773BDF2B1F9DEDDA00E0F027 /* ManagerMainViewController.swift */ = {isa = PBXFileReference; lastKnownFileType = sourcecode.swift; path = ManagerMainViewController.swift; sourceTree = "<group>"; };
		774062611F863D9400EAD3E2 /* SCM System.app */ = {isa = PBXFileReference; explicitFileType = wrapper.application; includeInIndex = 0; path = "SCM System.app"; sourceTree = BUILT_PRODUCTS_DIR; };
		774062641F863D9400EAD3E2 /* AppDelegate.swift */ = {isa = PBXFileReference; lastKnownFileType = sourcecode.swift; path = AppDelegate.swift; sourceTree = "<group>"; };
		7740626B1F863D9400EAD3E2 /* Assets.xcassets */ = {isa = PBXFileReference; lastKnownFileType = folder.assetcatalog; path = Assets.xcassets; sourceTree = "<group>"; };
		7740626E1F863D9400EAD3E2 /* Base */ = {isa = PBXFileReference; lastKnownFileType = file.storyboard; name = Base; path = Base.lproj/LaunchScreen.storyboard; sourceTree = "<group>"; };
		774062701F863D9400EAD3E2 /* Info.plist */ = {isa = PBXFileReference; lastKnownFileType = text.plist.xml; path = Info.plist; sourceTree = "<group>"; };
		77721C681F9DE94600B1B38D /* GoogleService-Info.plist */ = {isa = PBXFileReference; fileEncoding = 4; lastKnownFileType = text.plist.xml; path = "GoogleService-Info.plist"; sourceTree = "<group>"; };
		77BEF6E01F8A466F00F6DC4E /* InitialViewController.swift */ = {isa = PBXFileReference; lastKnownFileType = sourcecode.swift; path = InitialViewController.swift; sourceTree = "<group>"; };
		77DF6CED1F8A410900832E38 /* LoginViewController.swift */ = {isa = PBXFileReference; lastKnownFileType = sourcecode.swift; path = LoginViewController.swift; sourceTree = "<group>"; };
		77DF6CEE1F8A410A00832E38 /* RecoveryViewController.swift */ = {isa = PBXFileReference; lastKnownFileType = sourcecode.swift; path = RecoveryViewController.swift; sourceTree = "<group>"; };
		77DF6CEF1F8A410A00832E38 /* WebViewContent.html */ = {isa = PBXFileReference; lastKnownFileType = text.html; path = WebViewContent.html; sourceTree = "<group>"; };
		77DF6CF01F8A410A00832E38 /* Login.storyboard */ = {isa = PBXFileReference; lastKnownFileType = file.storyboard; path = Login.storyboard; sourceTree = "<group>"; };
		D526936F928FF51FBD0B6909 /* Pods-SCM System.debug.xcconfig */ = {isa = PBXFileReference; includeInIndex = 1; lastKnownFileType = text.xcconfig; name = "Pods-SCM System.debug.xcconfig"; path = "Pods/Target Support Files/Pods-SCM System/Pods-SCM System.debug.xcconfig"; sourceTree = "<group>"; };
/* End PBXFileReference section */

/* Begin PBXFrameworksBuildPhase section */
		7740625E1F863D9400EAD3E2 /* Frameworks */ = {
			isa = PBXFrameworksBuildPhase;
			buildActionMask = 2147483647;
			files = (
				38915DBE89682A15EB5FA184 /* Pods_SCM_System.framework in Frameworks */,
			);
			runOnlyForDeploymentPostprocessing = 0;
		};
/* End PBXFrameworksBuildPhase section */

/* Begin PBXGroup section */
		5C3F4C27E7A47A7928DC095C /* Frameworks */ = {
			isa = PBXGroup;
			children = (
				51948A35ECF1237D83E809AC /* Pods_SCM_System.framework */,
			);
			name = Frameworks;
			sourceTree = "<group>";
		};
		773BDF281F9DED6C00E0F027 /* Manager */ = {
			isa = PBXGroup;
			children = (
				773BDF291F9DEDCF00E0F027 /* ManagerMain.storyboard */,
				773BDF2B1F9DEDDA00E0F027 /* ManagerMainViewController.swift */,
			);
			path = Manager;
			sourceTree = "<group>";
		};
		774062581F863D9400EAD3E2 = {
			isa = PBXGroup;
			children = (
				77DF6CF61F8A41AC00832E38 /* Images */,
				774062631F863D9400EAD3E2 /* SCM System */,
				774062621F863D9400EAD3E2 /* Products */,
				95CA265E1E468F6C9D943562 /* Pods */,
				5C3F4C27E7A47A7928DC095C /* Frameworks */,
			);
			sourceTree = "<group>";
		};
		774062621F863D9400EAD3E2 /* Products */ = {
			isa = PBXGroup;
			children = (
				774062611F863D9400EAD3E2 /* SCM System.app */,
			);
			name = Products;
			sourceTree = "<group>";
		};
		774062631F863D9400EAD3E2 /* SCM System */ = {
			isa = PBXGroup;
			children = (
				77DF6CEB1F8A40FE00832E38 /* Storyboards */,
				774062641F863D9400EAD3E2 /* AppDelegate.swift */,
				7740626B1F863D9400EAD3E2 /* Assets.xcassets */,
				7740626D1F863D9400EAD3E2 /* LaunchScreen.storyboard */,
				77721C681F9DE94600B1B38D /* GoogleService-Info.plist */,
				774062701F863D9400EAD3E2 /* Info.plist */,
			);
			path = "SCM System";
			sourceTree = "<group>";
		};
		77BEF6DF1F8A456100F6DC4E /* Main */ = {
			isa = PBXGroup;
			children = (
				773BDF241F9DECB200E0F027 /* MainScreen.storyboard */,
				773BDF261F9DECC200E0F027 /* MainScreenViewController.swift */,
			);
			path = Main;
			sourceTree = "<group>";
		};
		77DF6CEB1F8A40FE00832E38 /* Storyboards */ = {
			isa = PBXGroup;
			children = (
				773BDF281F9DED6C00E0F027 /* Manager */,
				77BEF6DF1F8A456100F6DC4E /* Main */,
				77DF6CEC1F8A410300832E38 /* Login */,
			);
			path = Storyboards;
			sourceTree = "<group>";
		};
		77DF6CEC1F8A410300832E38 /* Login */ = {
			isa = PBXGroup;
			children = (
				77DF6CEF1F8A410A00832E38 /* WebViewContent.html */,
				77DF6CF01F8A410A00832E38 /* Login.storyboard */,
				77DF6CED1F8A410900832E38 /* LoginViewController.swift */,
				77DF6CEE1F8A410A00832E38 /* RecoveryViewController.swift */,
				77BEF6E01F8A466F00F6DC4E /* InitialViewController.swift */,
			);
			path = Login;
			sourceTree = "<group>";
		};
		77DF6CF61F8A41AC00832E38 /* Images */ = {
			isa = PBXGroup;
			children = (
				773BDF221F9DEC2700E0F027 /* background.gif */,
			);
			path = Images;
			sourceTree = "<group>";
		};
		95CA265E1E468F6C9D943562 /* Pods */ = {
			isa = PBXGroup;
			children = (
				D526936F928FF51FBD0B6909 /* Pods-SCM System.debug.xcconfig */,
				1E3484ABED8011DC6584F891 /* Pods-SCM System.release.xcconfig */,
			);
			name = Pods;
			sourceTree = "<group>";
		};
/* End PBXGroup section */

/* Begin PBXNativeTarget section */
		774062601F863D9400EAD3E2 /* SCM System */ = {
			isa = PBXNativeTarget;
			buildConfigurationList = 774062731F863D9400EAD3E2 /* Build configuration list for PBXNativeTarget "SCM System" */;
			buildPhases = (
				46212863FAA0A174096DCE9B /* [CP] Check Pods Manifest.lock */,
				7740625D1F863D9400EAD3E2 /* Sources */,
				7740625E1F863D9400EAD3E2 /* Frameworks */,
				7740625F1F863D9400EAD3E2 /* Resources */,
				4C53002223AF079FC3B17A6F /* [CP] Embed Pods Frameworks */,
				EEE1F2D64C2118FF53924C8E /* [CP] Copy Pods Resources */,
			);
			buildRules = (
			);
			dependencies = (
			);
			name = "SCM System";
			productName = "SCM System";
			productReference = 774062611F863D9400EAD3E2 /* SCM System.app */;
			productType = "com.apple.product-type.application";
		};
/* End PBXNativeTarget section */

/* Begin PBXProject section */
		774062591F863D9400EAD3E2 /* Project object */ = {
			isa = PBXProject;
			attributes = {
				LastSwiftUpdateCheck = 0900;
				LastUpgradeCheck = 0900;
				ORGANIZATIONNAME = "Tom Starling";
				TargetAttributes = {
					774062601F863D9400EAD3E2 = {
						CreatedOnToolsVersion = 9.0;
						ProvisioningStyle = Automatic;
					};
				};
			};
			buildConfigurationList = 7740625C1F863D9400EAD3E2 /* Build configuration list for PBXProject "SCM System" */;
			compatibilityVersion = "Xcode 8.0";
			developmentRegion = en;
			hasScannedForEncodings = 0;
			knownRegions = (
				en,
				Base,
			);
			mainGroup = 774062581F863D9400EAD3E2;
			productRefGroup = 774062621F863D9400EAD3E2 /* Products */;
			projectDirPath = "";
			projectRoot = "";
			targets = (
				774062601F863D9400EAD3E2 /* SCM System */,
			);
		};
/* End PBXProject section */

/* Begin PBXResourcesBuildPhase section */
		7740625F1F863D9400EAD3E2 /* Resources */ = {
			isa = PBXResourcesBuildPhase;
			buildActionMask = 2147483647;
			files = (
				773BDF231F9DEC2700E0F027 /* background.gif in Resources */,
				77DF6CF51F8A41A000832E38 /* Login.storyboard in Resources */,
				77DF6CF41F8A418600832E38 /* WebViewContent.html in Resources */,
				7740626F1F863D9400EAD3E2 /* LaunchScreen.storyboard in Resources */,
				7740626C1F863D9400EAD3E2 /* Assets.xcassets in Resources */,
				773BDF2A1F9DEDCF00E0F027 /* ManagerMain.storyboard in Resources */,
				77721C691F9DE94600B1B38D /* GoogleService-Info.plist in Resources */,
				773BDF251F9DECB200E0F027 /* MainScreen.storyboard in Resources */,
			);
			runOnlyForDeploymentPostprocessing = 0;
		};
/* End PBXResourcesBuildPhase section */

/* Begin PBXShellScriptBuildPhase section */
		46212863FAA0A174096DCE9B /* [CP] Check Pods Manifest.lock */ = {
			isa = PBXShellScriptBuildPhase;
			buildActionMask = 2147483647;
			files = (
			);
			inputPaths = (
				"${PODS_PODFILE_DIR_PATH}/Podfile.lock",
				"${PODS_ROOT}/Manifest.lock",
			);
			name = "[CP] Check Pods Manifest.lock";
			outputPaths = (
				"$(DERIVED_FILE_DIR)/Pods-SCM System-checkManifestLockResult.txt",
			);
			runOnlyForDeploymentPostprocessing = 0;
			shellPath = /bin/sh;
			shellScript = "diff \"${PODS_PODFILE_DIR_PATH}/Podfile.lock\" \"${PODS_ROOT}/Manifest.lock\" > /dev/null\nif [ $? != 0 ] ; then\n    # print error to STDERR\n    echo \"error: The sandbox is not in sync with the Podfile.lock. Run 'pod install' or update your CocoaPods installation.\" >&2\n    exit 1\nfi\n# This output is used by Xcode 'outputs' to avoid re-running this script phase.\necho \"SUCCESS\" > \"${SCRIPT_OUTPUT_FILE_0}\"\n";
			showEnvVarsInLog = 0;
		};
		4C53002223AF079FC3B17A6F /* [CP] Embed Pods Frameworks */ = {
			isa = PBXShellScriptBuildPhase;
			buildActionMask = 2147483647;
			files = (
			);
			inputPaths = (
				"${SRCROOT}/Pods/Target Support Files/Pods-SCM System/Pods-SCM System-frameworks.sh",
				"${BUILT_PRODUCTS_DIR}/GTMSessionFetcher/GTMSessionFetcher.framework",
				"${BUILT_PRODUCTS_DIR}/GoogleToolboxForMac/GoogleToolboxForMac.framework",
				"${BUILT_PRODUCTS_DIR}/leveldb-library/leveldb.framework",
				"${BUILT_PRODUCTS_DIR}/nanopb/nanopb.framework",
			);
			name = "[CP] Embed Pods Frameworks";
			outputPaths = (
				"${TARGET_BUILD_DIR}/${FRAMEWORKS_FOLDER_PATH}/GTMSessionFetcher.framework",
				"${TARGET_BUILD_DIR}/${FRAMEWORKS_FOLDER_PATH}/GoogleToolboxForMac.framework",
				"${TARGET_BUILD_DIR}/${FRAMEWORKS_FOLDER_PATH}/leveldb.framework",
				"${TARGET_BUILD_DIR}/${FRAMEWORKS_FOLDER_PATH}/nanopb.framework",
			);
			runOnlyForDeploymentPostprocessing = 0;
			shellPath = /bin/sh;
			shellScript = "\"${SRCROOT}/Pods/Target Support Files/Pods-SCM System/Pods-SCM System-frameworks.sh\"\n";
			showEnvVarsInLog = 0;
		};
		EEE1F2D64C2118FF53924C8E /* [CP] Copy Pods Resources */ = {
			isa = PBXShellScriptBuildPhase;
			buildActionMask = 2147483647;
			files = (
			);
			inputPaths = (
			);
			name = "[CP] Copy Pods Resources";
			outputPaths = (
			);
			runOnlyForDeploymentPostprocessing = 0;
			shellPath = /bin/sh;
			shellScript = "\"${SRCROOT}/Pods/Target Support Files/Pods-SCM System/Pods-SCM System-resources.sh\"\n";
			showEnvVarsInLog = 0;
		};
/* End PBXShellScriptBuildPhase section */

/* Begin PBXSourcesBuildPhase section */
		7740625D1F863D9400EAD3E2 /* Sources */ = {
			isa = PBXSourcesBuildPhase;
			buildActionMask = 2147483647;
			files = (
				773BDF271F9DECC200E0F027 /* MainScreenViewController.swift in Sources */,
				773BDF2C1F9DEDDA00E0F027 /* ManagerMainViewController.swift in Sources */,
				77BEF6DB1F8A43DE00F6DC4E /* LoginViewController.swift in Sources */,
				77BEF6DD1F8A43DE00F6DC4E /* RecoveryViewController.swift in Sources */,
				77BEF6E11F8A466F00F6DC4E /* InitialViewController.swift in Sources */,
				774062651F863D9400EAD3E2 /* AppDelegate.swift in Sources */,
			);
			runOnlyForDeploymentPostprocessing = 0;
		};
/* End PBXSourcesBuildPhase section */

/* Begin PBXVariantGroup section */
		7740626D1F863D9400EAD3E2 /* LaunchScreen.storyboard */ = {
			isa = PBXVariantGroup;
			children = (
				7740626E1F863D9400EAD3E2 /* Base */,
			);
			name = LaunchScreen.storyboard;
			sourceTree = "<group>";
		};
/* End PBXVariantGroup section */

/* Begin XCBuildConfiguration section */
		774062711F863D9400EAD3E2 /* Debug */ = {
			isa = XCBuildConfiguration;
			buildSettings = {
				ALWAYS_SEARCH_USER_PATHS = NO;
				CLANG_ANALYZER_NONNULL = YES;
				CLANG_ANALYZER_NUMBER_OBJECT_CONVERSION = YES_AGGRESSIVE;
				CLANG_CXX_LANGUAGE_STANDARD = "gnu++14";
				CLANG_CXX_LIBRARY = "libc++";
				CLANG_ENABLE_MODULES = YES;
				CLANG_ENABLE_OBJC_ARC = YES;
				CLANG_WARN_BLOCK_CAPTURE_AUTORELEASING = YES;
				CLANG_WARN_BOOL_CONVERSION = YES;
				CLANG_WARN_COMMA = YES;
				CLANG_WARN_CONSTANT_CONVERSION = YES;
				CLANG_WARN_DIRECT_OBJC_ISA_USAGE = YES_ERROR;
				CLANG_WARN_DOCUMENTATION_COMMENTS = YES;
				CLANG_WARN_EMPTY_BODY = YES;
				CLANG_WARN_ENUM_CONVERSION = YES;
				CLANG_WARN_INFINITE_RECURSION = YES;
				CLANG_WARN_INT_CONVERSION = YES;
				CLANG_WARN_NON_LITERAL_NULL_CONVERSION = YES;
				CLANG_WARN_OBJC_LITERAL_CONVERSION = YES;
				CLANG_WARN_OBJC_ROOT_CLASS = YES_ERROR;
				CLANG_WARN_RANGE_LOOP_ANALYSIS = YES;
				CLANG_WARN_STRICT_PROTOTYPES = YES;
				CLANG_WARN_SUSPICIOUS_MOVE = YES;
				CLANG_WARN_UNGUARDED_AVAILABILITY = YES_AGGRESSIVE;
				CLANG_WARN_UNREACHABLE_CODE = YES;
				CLANG_WARN__DUPLICATE_METHOD_MATCH = YES;
				CODE_SIGN_IDENTITY = "iPhone Developer";
				COPY_PHASE_STRIP = NO;
				DEBUG_INFORMATION_FORMAT = dwarf;
				ENABLE_STRICT_OBJC_MSGSEND = YES;
				ENABLE_TESTABILITY = YES;
				GCC_C_LANGUAGE_STANDARD = gnu11;
				GCC_DYNAMIC_NO_PIC = NO;
				GCC_NO_COMMON_BLOCKS = YES;
				GCC_OPTIMIZATION_LEVEL = 0;
				GCC_PREPROCESSOR_DEFINITIONS = (
					"DEBUG=1",
					"$(inherited)",
				);
				GCC_WARN_64_TO_32_BIT_CONVERSION = YES;
				GCC_WARN_ABOUT_RETURN_TYPE = YES_ERROR;
				GCC_WARN_UNDECLARED_SELECTOR = YES;
				GCC_WARN_UNINITIALIZED_AUTOS = YES_AGGRESSIVE;
				GCC_WARN_UNUSED_FUNCTION = YES;
				GCC_WARN_UNUSED_VARIABLE = YES;
				IPHONEOS_DEPLOYMENT_TARGET = 11.0;
				MTL_ENABLE_DEBUG_INFO = YES;
				ONLY_ACTIVE_ARCH = YES;
				SDKROOT = iphoneos;
				SWIFT_ACTIVE_COMPILATION_CONDITIONS = DEBUG;
				SWIFT_OPTIMIZATION_LEVEL = "-Onone";
			};
			name = Debug;
		};
		774062721F863D9400EAD3E2 /* Release */ = {
			isa = XCBuildConfiguration;
			buildSettings = {
				ALWAYS_SEARCH_USER_PATHS = NO;
				CLANG_ANALYZER_NONNULL = YES;
				CLANG_ANALYZER_NUMBER_OBJECT_CONVERSION = YES_AGGRESSIVE;
				CLANG_CXX_LANGUAGE_STANDARD = "gnu++14";
				CLANG_CXX_LIBRARY = "libc++";
				CLANG_ENABLE_MODULES = YES;
				CLANG_ENABLE_OBJC_ARC = YES;
				CLANG_WARN_BLOCK_CAPTURE_AUTORELEASING = YES;
				CLANG_WARN_BOOL_CONVERSION = YES;
				CLANG_WARN_COMMA = YES;
				CLANG_WARN_CONSTANT_CONVERSION = YES;
				CLANG_WARN_DIRECT_OBJC_ISA_USAGE = YES_ERROR;
				CLANG_WARN_DOCUMENTATION_COMMENTS = YES;
				CLANG_WARN_EMPTY_BODY = YES;
				CLANG_WARN_ENUM_CONVERSION = YES;
				CLANG_WARN_INFINITE_RECURSION = YES;
				CLANG_WARN_INT_CONVERSION = YES;
				CLANG_WARN_NON_LITERAL_NULL_CONVERSION = YES;
				CLANG_WARN_OBJC_LITERAL_CONVERSION = YES;
				CLANG_WARN_OBJC_ROOT_CLASS = YES_ERROR;
				CLANG_WARN_RANGE_LOOP_ANALYSIS = YES;
				CLANG_WARN_STRICT_PROTOTYPES = YES;
				CLANG_WARN_SUSPICIOUS_MOVE = YES;
				CLANG_WARN_UNGUARDED_AVAILABILITY = YES_AGGRESSIVE;
				CLANG_WARN_UNREACHABLE_CODE = YES;
				CLANG_WARN__DUPLICATE_METHOD_MATCH = YES;
				CODE_SIGN_IDENTITY = "iPhone Developer";
				COPY_PHASE_STRIP = NO;
				DEBUG_INFORMATION_FORMAT = "dwarf-with-dsym";
				ENABLE_NS_ASSERTIONS = NO;
				ENABLE_STRICT_OBJC_MSGSEND = YES;
				GCC_C_LANGUAGE_STANDARD = gnu11;
				GCC_NO_COMMON_BLOCKS = YES;
				GCC_WARN_64_TO_32_BIT_CONVERSION = YES;
				GCC_WARN_ABOUT_RETURN_TYPE = YES_ERROR;
				GCC_WARN_UNDECLARED_SELECTOR = YES;
				GCC_WARN_UNINITIALIZED_AUTOS = YES_AGGRESSIVE;
				GCC_WARN_UNUSED_FUNCTION = YES;
				GCC_WARN_UNUSED_VARIABLE = YES;
				IPHONEOS_DEPLOYMENT_TARGET = 11.0;
				MTL_ENABLE_DEBUG_INFO = NO;
				SDKROOT = iphoneos;
				SWIFT_OPTIMIZATION_LEVEL = "-Owholemodule";
				VALIDATE_PRODUCT = YES;
			};
			name = Release;
		};
		774062741F863D9400EAD3E2 /* Debug */ = {
			isa = XCBuildConfiguration;
			baseConfigurationReference = D526936F928FF51FBD0B6909 /* Pods-SCM System.debug.xcconfig */;
			buildSettings = {
				ASSETCATALOG_COMPILER_APPICON_NAME = AppIcon;
				CODE_SIGN_STYLE = Automatic;
				DEVELOPMENT_TEAM = R4UWMLPCF4;
				INFOPLIST_FILE = "SCM System/Info.plist";
				LD_RUNPATH_SEARCH_PATHS = "$(inherited) @executable_path/Frameworks";
				PRODUCT_BUNDLE_IDENTIFIER = "com.tomstarling.SCM-System";
				PRODUCT_NAME = "$(TARGET_NAME)";
				SWIFT_VERSION = 4.0;
				TARGETED_DEVICE_FAMILY = "1,2";
			};
			name = Debug;
		};
		774062751F863D9400EAD3E2 /* Release */ = {
			isa = XCBuildConfiguration;
			baseConfigurationReference = 1E3484ABED8011DC6584F891 /* Pods-SCM System.release.xcconfig */;
			buildSettings = {
				ASSETCATALOG_COMPILER_APPICON_NAME = AppIcon;
				CODE_SIGN_STYLE = Automatic;
				DEVELOPMENT_TEAM = R4UWMLPCF4;
				INFOPLIST_FILE = "SCM System/Info.plist";
				LD_RUNPATH_SEARCH_PATHS = "$(inherited) @executable_path/Frameworks";
				PRODUCT_BUNDLE_IDENTIFIER = "com.tomstarling.SCM-System";
				PRODUCT_NAME = "$(TARGET_NAME)";
				SWIFT_VERSION = 4.0;
				TARGETED_DEVICE_FAMILY = "1,2";
			};
			name = Release;
		};
/* End XCBuildConfiguration section */

/* Begin XCConfigurationList section */
		7740625C1F863D9400EAD3E2 /* Build configuration list for PBXProject "SCM System" */ = {
			isa = XCConfigurationList;
			buildConfigurations = (
				774062711F863D9400EAD3E2 /* Debug */,
				774062721F863D9400EAD3E2 /* Release */,
			);
			defaultConfigurationIsVisible = 0;
			defaultConfigurationName = Release;
		};
		774062731F863D9400EAD3E2 /* Build configuration list for PBXNativeTarget "SCM System" */ = {
			isa = XCConfigurationList;
			buildConfigurations = (
				774062741F863D9400EAD3E2 /* Debug */,
				774062751F863D9400EAD3E2 /* Release */,
			);
			defaultConfigurationIsVisible = 0;
			defaultConfigurationName = Release;
		};
/* End XCConfigurationList section */
	};
	rootObject = 774062591F863D9400EAD3E2 /* Project object */;
}
